// !$*UTF8*$!
{
	archiveVersion = 1;
	classes = {
	};
	objectVersion = 77;
	objects = {

/* Begin PBXBuildFile section */
		02FF34FCE35728AC2FB7A63F /* MainEditorView.swift in Sources */ = {isa = PBXBuildFile; fileRef = DA732DB4CADF1BD39E3D7ABF /* MainEditorView.swift */; };
		03EF9B30ED10EC70174BECD9 /* AudioCaptureService.swift in Sources */ = {isa = PBXBuildFile; fileRef = 785B52B37ACCFB5194EB8253 /* AudioCaptureService.swift */; };
		050651F97B49A7078B15702A /* AISettingsView.swift in Sources */ = {isa = PBXBuildFile; fileRef = 431D6CA3C2058C403745B6C3 /* AISettingsView.swift */; };
		056B08729092A89274A15431 /* AudioRecordingService.swift in Sources */ = {isa = PBXBuildFile; fileRef = 3D35F6BAD27BB8B1D3C79EA6 /* AudioRecordingService.swift */; };
		14F182C0006316960ADC3140 /* SessionViewModel.swift in Sources */ = {isa = PBXBuildFile; fileRef = AEF39DEFE1FBFB599E2537B7 /* SessionViewModel.swift */; };
		230C3F2BD5DC0C2F616D6586 /* ScrollCoordinator.swift in Sources */ = {isa = PBXBuildFile; fileRef = 0C4CE351DA555001A06BE1D8 /* ScrollCoordinator.swift */; };
		2424FD1152DEFD5C686BF35A /* FuzzyMatch.swift in Sources */ = {isa = PBXBuildFile; fileRef = 150DB68EAC3827FB21CA700B /* FuzzyMatch.swift */; };
		278A8F72684DA9971A092548 /* PromptSession.swift in Sources */ = {isa = PBXBuildFile; fileRef = C24EB12FC172BAAB6EE00999 /* PromptSession.swift */; };
		2A4E8586C1CB898CAD380CDB /* TeleprompterView.swift in Sources */ = {isa = PBXBuildFile; fileRef = CFDDA9B0F7E653E3D9397F9C /* TeleprompterView.swift */; };
		2BCABF9EC210C61B0911E354 /* AppCommands.swift in Sources */ = {isa = PBXBuildFile; fileRef = 110B9AF436425E83DEDAD96C /* AppCommands.swift */; };
		306152408DB8F1D0E53AC408 /* AIViewModel.swift in Sources */ = {isa = PBXBuildFile; fileRef = E85090D7A7F96BB6754DC094 /* AIViewModel.swift */; };
		356F9A36D586D0B420A71DE2 /* SpeechAlignmentEngine.swift in Sources */ = {isa = PBXBuildFile; fileRef = 7A7802077382BF4DF886DF12 /* SpeechAlignmentEngine.swift */; };
		3AF761A002D3EE3921CB6EF8 /* ScriptToken.swift in Sources */ = {isa = PBXBuildFile; fileRef = 78E1B162487118BB87AD57F6 /* ScriptToken.swift */; };
		4EFDD16093948ED67EFC610B /* PermissionService.swift in Sources */ = {isa = PBXBuildFile; fileRef = 1B1C0F6BEF69C1E5B47F5C2D /* PermissionService.swift */; };
		4F59FC85BAB2CD95286C6C78 /* AppIcon.icns in Resources */ = {isa = PBXBuildFile; fileRef = 1AD8EF2860A380D05B3A7D8B /* AppIcon.icns */; };
		57284FC31A789FAF4AF72FC1 /* SpeechRecognizing.swift in Sources */ = {isa = PBXBuildFile; fileRef = ED64BE325C0DD49C54C41B80 /* SpeechRecognizing.swift */; };
		599AE9E24D5E5EAB0FE07AE0 /* ScriptEditorView.swift in Sources */ = {isa = PBXBuildFile; fileRef = F7694D27D3838D2635D285A6 /* ScriptEditorView.swift */; };
		650780190222AA3081CBBF79 /* TimerView.swift in Sources */ = {isa = PBXBuildFile; fileRef = 131D2719AC7FD887D0AE1249 /* TimerView.swift */; };
		7BDB472C0408C59752812628 /* ScriptEditorViewModel.swift in Sources */ = {isa = PBXBuildFile; fileRef = F80530208F1660C0BCCBDD73 /* ScriptEditorViewModel.swift */; };
		7DCDF63A5B6FD1C8169E94FE /* ScrollCoordinatorTests.swift in Sources */ = {isa = PBXBuildFile; fileRef = 0E8BB01F658B55BDA8645B05 /* ScrollCoordinatorTests.swift */; };
		7E3D31C4D5DA5370414EC534 /* SpellCheckTextEditor.swift in Sources */ = {isa = PBXBuildFile; fileRef = CEB299E87A058D025E39F949 /* SpellCheckTextEditor.swift */; };
		7F61D81F03B732B55CB85875 /* OpenAIService.swift in Sources */ = {isa = PBXBuildFile; fileRef = E4B800426000AD242BEF6A22 /* OpenAIService.swift */; };
		8A487DF03D37C346482F23AD /* ContentView.swift in Sources */ = {isa = PBXBuildFile; fileRef = 31F74ABBBF90FCDECBBEF13C /* ContentView.swift */; };
		8A725CD0081A2487F44DE869 /* KeychainService.swift in Sources */ = {isa = PBXBuildFile; fileRef = 6FEA50BAE0B9D98BFFA13BDE /* KeychainService.swift */; };
		8AEBDCF44444FCB584601297 /* PromptGlassApp.swift in Sources */ = {isa = PBXBuildFile; fileRef = 8C054991A2126FB1231000E4 /* PromptGlassApp.swift */; };
		A188218528648A29E3F88395 /* PersistenceService.swift in Sources */ = {isa = PBXBuildFile; fileRef = 0C5BDDD1FFE1D87B552A1B25 /* PersistenceService.swift */; };
		A849FA538908FC0FDAD2F602 /* TimeFormattingTests.swift in Sources */ = {isa = PBXBuildFile; fileRef = 6E216F47883C025F746B86F8 /* TimeFormattingTests.swift */; };
		AB9EC4325AABE35D3FC947C4 /* ScriptParserTests.swift in Sources */ = {isa = PBXBuildFile; fileRef = E935D387E08A914930A90718 /* ScriptParserTests.swift */; };
		ACFB21A6E643FB6909F38AD9 /* TeleprompterTextView.swift in Sources */ = {isa = PBXBuildFile; fileRef = 91ED72B8735E82E1358B9CC4 /* TeleprompterTextView.swift */; };
		AD71097CC3CC1423B728AB91 /* AIPromptSheet.swift in Sources */ = {isa = PBXBuildFile; fileRef = 5CB9D0C8DD43CF754380ABEA /* AIPromptSheet.swift */; };
		B85D3999D8B7111A3F1E63E8 /* AudioMeterProcessor.swift in Sources */ = {isa = PBXBuildFile; fileRef = 8CF9442A02162BAB9CC64C0D /* AudioMeterProcessor.swift */; };
		B987542D5854EE3576E983B6 /* SpeechRecognitionService.swift in Sources */ = {isa = PBXBuildFile; fileRef = 65D60370B0B2C1E9694704ED /* SpeechRecognitionService.swift */; };
		BBE5BCF6A317FC57E6A52591 /* Assets.xcassets in Resources */ = {isa = PBXBuildFile; fileRef = 5A35B8B29BE46E527D4015D3 /* Assets.xcassets */; };
		C02B095768BCD2A9013DEAB9 /* SessionControlsView.swift in Sources */ = {isa = PBXBuildFile; fileRef = B1E1CD05666CE650AF436025 /* SessionControlsView.swift */; };
		C1E0D99C972D4EDB8A990BBB /* AIDebugView.swift in Sources */ = {isa = PBXBuildFile; fileRef = EC7079D12EEB80417DD4F3CE /* AIDebugView.swift */; };
		C3C626129BFDFE7B61CFEA45 /* SessionSettings.swift in Sources */ = {isa = PBXBuildFile; fileRef = E0479A635F83AB8F7B1A4DD8 /* SessionSettings.swift */; };
		CE7DB3E529ACA8136549EC1D /* SpeechAlignmentEngineTests.swift in Sources */ = {isa = PBXBuildFile; fileRef = 0830391773F8A05316719264 /* SpeechAlignmentEngineTests.swift */; };
		DBCBB082D050376E861BA846 /* AudioMeterView.swift in Sources */ = {isa = PBXBuildFile; fileRef = 5432EC9D9D8FDC4DA59DCCA8 /* AudioMeterView.swift */; };
		DBFF334935769462FEFA3DD1 /* TeleprompterViewModel.swift in Sources */ = {isa = PBXBuildFile; fileRef = E15D3C26FAD2036E8E43ADE2 /* TeleprompterViewModel.swift */; };
		DDB12FA453BE47156CD00888 /* ScriptDocument.swift in Sources */ = {isa = PBXBuildFile; fileRef = 6A92A227E93D128B40809963 /* ScriptDocument.swift */; };
		E28606B66FCE8AB188E565BC /* TextNormalizationTests.swift in Sources */ = {isa = PBXBuildFile; fileRef = A540809DE30C4174CD6BB311 /* TextNormalizationTests.swift */; };
		E52DC62E657E85369F0A4717 /* AISettings.swift in Sources */ = {isa = PBXBuildFile; fileRef = 7DE5A63AB099464BEC940B4B /* AISettings.swift */; };
		EE4A53FA8B627C1FE0798902 /* PromptGlassTests.swift in Sources */ = {isa = PBXBuildFile; fileRef = 4BDBC21BD89261D60AD3DFD4 /* PromptGlassTests.swift */; };
		F4A85AFCED0ADDA9E5624101 /* TextNormalization.swift in Sources */ = {isa = PBXBuildFile; fileRef = 1BAE696F5D36B6F3AE374510 /* TextNormalization.swift */; };
		F8C58FC92FB2FC1855CBAA45 /* FuzzyMatchTests.swift in Sources */ = {isa = PBXBuildFile; fileRef = 5BDE3009122F985833E6EDED /* FuzzyMatchTests.swift */; };
		F8FEF8709C1F6F7A5D6C8AD6 /* ScriptParser.swift in Sources */ = {isa = PBXBuildFile; fileRef = 25E5FC00764E33B2F5D60FA6 /* ScriptParser.swift */; };
		FCD5B8D9F1E75FC331994F5D /* TimeFormatting.swift in Sources */ = {isa = PBXBuildFile; fileRef = 04B44482579B32389E6BAF4F /* TimeFormatting.swift */; };
/* End PBXBuildFile section */

/* Begin PBXContainerItemProxy section */
		AC4FE34DA6317F4B3DEBD603 /* PBXContainerItemProxy */ = {
			isa = PBXContainerItemProxy;
			containerPortal = 94FC9E73F4A73146AE238F34 /* Project object */;
			proxyType = 1;
			remoteGlobalIDString = 874C701078AD057BEC5019B7;
			remoteInfo = PromptGlass;
		};
/* End PBXContainerItemProxy section */

/* Begin PBXFileReference section */
		04B44482579B32389E6BAF4F /* TimeFormatting.swift */ = {isa = PBXFileReference; lastKnownFileType = sourcecode.swift; path = TimeFormatting.swift; sourceTree = "<group>"; };
		0830391773F8A05316719264 /* SpeechAlignmentEngineTests.swift */ = {isa = PBXFileReference; lastKnownFileType = sourcecode.swift; path = SpeechAlignmentEngineTests.swift; sourceTree = "<group>"; };
		08A9D40DD3A3BFB3CD10E19C /* PromptGlassTests.xctest */ = {isa = PBXFileReference; explicitFileType = wrapper.cfbundle; includeInIndex = 0; path = PromptGlassTests.xctest; sourceTree = BUILT_PRODUCTS_DIR; };
		0C4CE351DA555001A06BE1D8 /* ScrollCoordinator.swift */ = {isa = PBXFileReference; lastKnownFileType = sourcecode.swift; path = ScrollCoordinator.swift; sourceTree = "<group>"; };
		0C5BDDD1FFE1D87B552A1B25 /* PersistenceService.swift */ = {isa = PBXFileReference; lastKnownFileType = sourcecode.swift; path = PersistenceService.swift; sourceTree = "<group>"; };
		0E8BB01F658B55BDA8645B05 /* ScrollCoordinatorTests.swift */ = {isa = PBXFileReference; lastKnownFileType = sourcecode.swift; path = ScrollCoordinatorTests.swift; sourceTree = "<group>"; };
		110B9AF436425E83DEDAD96C /* AppCommands.swift */ = {isa = PBXFileReference; lastKnownFileType = sourcecode.swift; path = AppCommands.swift; sourceTree = "<group>"; };
		131D2719AC7FD887D0AE1249 /* TimerView.swift */ = {isa = PBXFileReference; lastKnownFileType = sourcecode.swift; path = TimerView.swift; sourceTree = "<group>"; };
		150DB68EAC3827FB21CA700B /* FuzzyMatch.swift */ = {isa = PBXFileReference; lastKnownFileType = sourcecode.swift; path = FuzzyMatch.swift; sourceTree = "<group>"; };
		1AD8EF2860A380D05B3A7D8B /* AppIcon.icns */ = {isa = PBXFileReference; lastKnownFileType = image.icns; path = AppIcon.icns; sourceTree = "<group>"; };
		1B1C0F6BEF69C1E5B47F5C2D /* PermissionService.swift */ = {isa = PBXFileReference; lastKnownFileType = sourcecode.swift; path = PermissionService.swift; sourceTree = "<group>"; };
		1BAE696F5D36B6F3AE374510 /* TextNormalization.swift */ = {isa = PBXFileReference; lastKnownFileType = sourcecode.swift; path = TextNormalization.swift; sourceTree = "<group>"; };
		25E5FC00764E33B2F5D60FA6 /* ScriptParser.swift */ = {isa = PBXFileReference; lastKnownFileType = sourcecode.swift; path = ScriptParser.swift; sourceTree = "<group>"; };
		31F74ABBBF90FCDECBBEF13C /* ContentView.swift */ = {isa = PBXFileReference; lastKnownFileType = sourcecode.swift; path = ContentView.swift; sourceTree = "<group>"; };
		3D35F6BAD27BB8B1D3C79EA6 /* AudioRecordingService.swift */ = {isa = PBXFileReference; lastKnownFileType = sourcecode.swift; path = AudioRecordingService.swift; sourceTree = "<group>"; };
		431D6CA3C2058C403745B6C3 /* AISettingsView.swift */ = {isa = PBXFileReference; lastKnownFileType = sourcecode.swift; path = AISettingsView.swift; sourceTree = "<group>"; };
		4BDBC21BD89261D60AD3DFD4 /* PromptGlassTests.swift */ = {isa = PBXFileReference; lastKnownFileType = sourcecode.swift; path = PromptGlassTests.swift; sourceTree = "<group>"; };
		5432EC9D9D8FDC4DA59DCCA8 /* AudioMeterView.swift */ = {isa = PBXFileReference; lastKnownFileType = sourcecode.swift; path = AudioMeterView.swift; sourceTree = "<group>"; };
		5A35B8B29BE46E527D4015D3 /* Assets.xcassets */ = {isa = PBXFileReference; lastKnownFileType = folder.assetcatalog; path = Assets.xcassets; sourceTree = "<group>"; };
		5BDE3009122F985833E6EDED /* FuzzyMatchTests.swift */ = {isa = PBXFileReference; lastKnownFileType = sourcecode.swift; path = FuzzyMatchTests.swift; sourceTree = "<group>"; };
		5CB9D0C8DD43CF754380ABEA /* AIPromptSheet.swift */ = {isa = PBXFileReference; lastKnownFileType = sourcecode.swift; path = AIPromptSheet.swift; sourceTree = "<group>"; };
		65D60370B0B2C1E9694704ED /* SpeechRecognitionService.swift */ = {isa = PBXFileReference; lastKnownFileType = sourcecode.swift; path = SpeechRecognitionService.swift; sourceTree = "<group>"; };
		6A92A227E93D128B40809963 /* ScriptDocument.swift */ = {isa = PBXFileReference; lastKnownFileType = sourcecode.swift; path = ScriptDocument.swift; sourceTree = "<group>"; };
		6E216F47883C025F746B86F8 /* TimeFormattingTests.swift */ = {isa = PBXFileReference; lastKnownFileType = sourcecode.swift; path = TimeFormattingTests.swift; sourceTree = "<group>"; };
		6FEA50BAE0B9D98BFFA13BDE /* KeychainService.swift */ = {isa = PBXFileReference; lastKnownFileType = sourcecode.swift; path = KeychainService.swift; sourceTree = "<group>"; };
		785B52B37ACCFB5194EB8253 /* AudioCaptureService.swift */ = {isa = PBXFileReference; lastKnownFileType = sourcecode.swift; path = AudioCaptureService.swift; sourceTree = "<group>"; };
		78E1B162487118BB87AD57F6 /* ScriptToken.swift */ = {isa = PBXFileReference; lastKnownFileType = sourcecode.swift; path = ScriptToken.swift; sourceTree = "<group>"; };
		7A7802077382BF4DF886DF12 /* SpeechAlignmentEngine.swift */ = {isa = PBXFileReference; lastKnownFileType = sourcecode.swift; path = SpeechAlignmentEngine.swift; sourceTree = "<group>"; };
		7DE5A63AB099464BEC940B4B /* AISettings.swift */ = {isa = PBXFileReference; lastKnownFileType = sourcecode.swift; path = AISettings.swift; sourceTree = "<group>"; };
		8C054991A2126FB1231000E4 /* PromptGlassApp.swift */ = {isa = PBXFileReference; lastKnownFileType = sourcecode.swift; path = PromptGlassApp.swift; sourceTree = "<group>"; };
		8CF9442A02162BAB9CC64C0D /* AudioMeterProcessor.swift */ = {isa = PBXFileReference; lastKnownFileType = sourcecode.swift; path = AudioMeterProcessor.swift; sourceTree = "<group>"; };
		91ED72B8735E82E1358B9CC4 /* TeleprompterTextView.swift */ = {isa = PBXFileReference; lastKnownFileType = sourcecode.swift; path = TeleprompterTextView.swift; sourceTree = "<group>"; };
		A540809DE30C4174CD6BB311 /* TextNormalizationTests.swift */ = {isa = PBXFileReference; lastKnownFileType = sourcecode.swift; path = TextNormalizationTests.swift; sourceTree = "<group>"; };
		ABC781C3941EB8CDCAD0A1A2 /* Info.plist */ = {isa = PBXFileReference; lastKnownFileType = text.plist; path = Info.plist; sourceTree = "<group>"; };
		AEF39DEFE1FBFB599E2537B7 /* SessionViewModel.swift */ = {isa = PBXFileReference; lastKnownFileType = sourcecode.swift; path = SessionViewModel.swift; sourceTree = "<group>"; };
		B1E1CD05666CE650AF436025 /* SessionControlsView.swift */ = {isa = PBXFileReference; lastKnownFileType = sourcecode.swift; path = SessionControlsView.swift; sourceTree = "<group>"; };
		C24EB12FC172BAAB6EE00999 /* PromptSession.swift */ = {isa = PBXFileReference; lastKnownFileType = sourcecode.swift; path = PromptSession.swift; sourceTree = "<group>"; };
		CEB299E87A058D025E39F949 /* SpellCheckTextEditor.swift */ = {isa = PBXFileReference; lastKnownFileType = sourcecode.swift; path = SpellCheckTextEditor.swift; sourceTree = "<group>"; };
		CFDDA9B0F7E653E3D9397F9C /* TeleprompterView.swift */ = {isa = PBXFileReference; lastKnownFileType = sourcecode.swift; path = TeleprompterView.swift; sourceTree = "<group>"; };
		D4A24A75DDF4E36D439F307B /* PromptGlass.entitlements */ = {isa = PBXFileReference; lastKnownFileType = text.plist.entitlements; path = PromptGlass.entitlements; sourceTree = "<group>"; };
		DA732DB4CADF1BD39E3D7ABF /* MainEditorView.swift */ = {isa = PBXFileReference; lastKnownFileType = sourcecode.swift; path = MainEditorView.swift; sourceTree = "<group>"; };
		E0479A635F83AB8F7B1A4DD8 /* SessionSettings.swift */ = {isa = PBXFileReference; lastKnownFileType = sourcecode.swift; path = SessionSettings.swift; sourceTree = "<group>"; };
		E15D3C26FAD2036E8E43ADE2 /* TeleprompterViewModel.swift */ = {isa = PBXFileReference; lastKnownFileType = sourcecode.swift; path = TeleprompterViewModel.swift; sourceTree = "<group>"; };
		E48854488B4E31D7EC138AEB /* PromptGlass.app */ = {isa = PBXFileReference; explicitFileType = wrapper.application; includeInIndex = 0; path = PromptGlass.app; sourceTree = BUILT_PRODUCTS_DIR; };
		E4B800426000AD242BEF6A22 /* OpenAIService.swift */ = {isa = PBXFileReference; lastKnownFileType = sourcecode.swift; path = OpenAIService.swift; sourceTree = "<group>"; };
		E85090D7A7F96BB6754DC094 /* AIViewModel.swift */ = {isa = PBXFileReference; lastKnownFileType = sourcecode.swift; path = AIViewModel.swift; sourceTree = "<group>"; };
		E935D387E08A914930A90718 /* ScriptParserTests.swift */ = {isa = PBXFileReference; lastKnownFileType = sourcecode.swift; path = ScriptParserTests.swift; sourceTree = "<group>"; };
		EC7079D12EEB80417DD4F3CE /* AIDebugView.swift */ = {isa = PBXFileReference; lastKnownFileType = sourcecode.swift; path = AIDebugView.swift; sourceTree = "<group>"; };
		ED64BE325C0DD49C54C41B80 /* SpeechRecognizing.swift */ = {isa = PBXFileReference; lastKnownFileType = sourcecode.swift; path = SpeechRecognizing.swift; sourceTree = "<group>"; };
		F7694D27D3838D2635D285A6 /* ScriptEditorView.swift */ = {isa = PBXFileReference; lastKnownFileType = sourcecode.swift; path = ScriptEditorView.swift; sourceTree = "<group>"; };
		F80530208F1660C0BCCBDD73 /* ScriptEditorViewModel.swift */ = {isa = PBXFileReference; lastKnownFileType = sourcecode.swift; path = ScriptEditorViewModel.swift; sourceTree = "<group>"; };
/* End PBXFileReference section */

/* Begin PBXGroup section */
		428DF70931BABD85CFDD5469 /* PromptGlass */ = {
			isa = PBXGroup;
			children = (
				1AD8EF2860A380D05B3A7D8B /* AppIcon.icns */,
				5A35B8B29BE46E527D4015D3 /* Assets.xcassets */,
				ABC781C3941EB8CDCAD0A1A2 /* Info.plist */,
				D4A24A75DDF4E36D439F307B /* PromptGlass.entitlements */,
				8459BAB6566C7BE8DDEBB574 /* App */,
				7646173F28435BEC0C3DDDE2 /* Models */,
				E8A55B137AF3473560C63ED9 /* Services */,
				8B628BCFE03250289409E2B8 /* Utilities */,
				E590B5807A488D66937F885D /* ViewModels */,
				85F24B2894FF6CDEE5F4EAAC /* Views */,
			);
			path = PromptGlass;
			sourceTree = "<group>";
		};
		4EABAB59296C63FEE3B500AF = {
			isa = PBXGroup;
			children = (
				428DF70931BABD85CFDD5469 /* PromptGlass */,
				C8248B23F66458947619EDFB /* PromptGlassTests */,
				8C9710254C1F5A28C992B0FB /* Products */,
			);
			sourceTree = "<group>";
		};
		7646173F28435BEC0C3DDDE2 /* Models */ = {
			isa = PBXGroup;
			children = (
				7DE5A63AB099464BEC940B4B /* AISettings.swift */,
				C24EB12FC172BAAB6EE00999 /* PromptSession.swift */,
				6A92A227E93D128B40809963 /* ScriptDocument.swift */,
				78E1B162487118BB87AD57F6 /* ScriptToken.swift */,
				E0479A635F83AB8F7B1A4DD8 /* SessionSettings.swift */,
			);
			path = Models;
			sourceTree = "<group>";
		};
		8459BAB6566C7BE8DDEBB574 /* App */ = {
			isa = PBXGroup;
			children = (
				110B9AF436425E83DEDAD96C /* AppCommands.swift */,
				31F74ABBBF90FCDECBBEF13C /* ContentView.swift */,
				8C054991A2126FB1231000E4 /* PromptGlassApp.swift */,
			);
			path = App;
			sourceTree = "<group>";
		};
		85F24B2894FF6CDEE5F4EAAC /* Views */ = {
			isa = PBXGroup;
			children = (
				EC7079D12EEB80417DD4F3CE /* AIDebugView.swift */,
				5CB9D0C8DD43CF754380ABEA /* AIPromptSheet.swift */,
				431D6CA3C2058C403745B6C3 /* AISettingsView.swift */,
				5432EC9D9D8FDC4DA59DCCA8 /* AudioMeterView.swift */,
				DA732DB4CADF1BD39E3D7ABF /* MainEditorView.swift */,
				F7694D27D3838D2635D285A6 /* ScriptEditorView.swift */,
				B1E1CD05666CE650AF436025 /* SessionControlsView.swift */,
				CEB299E87A058D025E39F949 /* SpellCheckTextEditor.swift */,
				91ED72B8735E82E1358B9CC4 /* TeleprompterTextView.swift */,
				CFDDA9B0F7E653E3D9397F9C /* TeleprompterView.swift */,
				131D2719AC7FD887D0AE1249 /* TimerView.swift */,
			);
			path = Views;
			sourceTree = "<group>";
		};
		8B628BCFE03250289409E2B8 /* Utilities */ = {
			isa = PBXGroup;
			children = (
				150DB68EAC3827FB21CA700B /* FuzzyMatch.swift */,
				6FEA50BAE0B9D98BFFA13BDE /* KeychainService.swift */,
				1BAE696F5D36B6F3AE374510 /* TextNormalization.swift */,
				04B44482579B32389E6BAF4F /* TimeFormatting.swift */,
			);
			path = Utilities;
			sourceTree = "<group>";
		};
		8C9710254C1F5A28C992B0FB /* Products */ = {
			isa = PBXGroup;
			children = (
				E48854488B4E31D7EC138AEB /* PromptGlass.app */,
				08A9D40DD3A3BFB3CD10E19C /* PromptGlassTests.xctest */,
			);
			name = Products;
			sourceTree = "<group>";
		};
		C8248B23F66458947619EDFB /* PromptGlassTests */ = {
			isa = PBXGroup;
			children = (
				5BDE3009122F985833E6EDED /* FuzzyMatchTests.swift */,
				4BDBC21BD89261D60AD3DFD4 /* PromptGlassTests.swift */,
				E935D387E08A914930A90718 /* ScriptParserTests.swift */,
				0E8BB01F658B55BDA8645B05 /* ScrollCoordinatorTests.swift */,
				0830391773F8A05316719264 /* SpeechAlignmentEngineTests.swift */,
				A540809DE30C4174CD6BB311 /* TextNormalizationTests.swift */,
				6E216F47883C025F746B86F8 /* TimeFormattingTests.swift */,
			);
			path = PromptGlassTests;
			sourceTree = "<group>";
		};
		E590B5807A488D66937F885D /* ViewModels */ = {
			isa = PBXGroup;
			children = (
				E85090D7A7F96BB6754DC094 /* AIViewModel.swift */,
				F80530208F1660C0BCCBDD73 /* ScriptEditorViewModel.swift */,
				AEF39DEFE1FBFB599E2537B7 /* SessionViewModel.swift */,
				E15D3C26FAD2036E8E43ADE2 /* TeleprompterViewModel.swift */,
			);
			path = ViewModels;
			sourceTree = "<group>";
		};
		E8A55B137AF3473560C63ED9 /* Services */ = {
			isa = PBXGroup;
			children = (
				785B52B37ACCFB5194EB8253 /* AudioCaptureService.swift */,
				8CF9442A02162BAB9CC64C0D /* AudioMeterProcessor.swift */,
				3D35F6BAD27BB8B1D3C79EA6 /* AudioRecordingService.swift */,
				E4B800426000AD242BEF6A22 /* OpenAIService.swift */,
				1B1C0F6BEF69C1E5B47F5C2D /* PermissionService.swift */,
				0C5BDDD1FFE1D87B552A1B25 /* PersistenceService.swift */,
				25E5FC00764E33B2F5D60FA6 /* ScriptParser.swift */,
				0C4CE351DA555001A06BE1D8 /* ScrollCoordinator.swift */,
				7A7802077382BF4DF886DF12 /* SpeechAlignmentEngine.swift */,
				65D60370B0B2C1E9694704ED /* SpeechRecognitionService.swift */,
				ED64BE325C0DD49C54C41B80 /* SpeechRecognizing.swift */,
			);
			path = Services;
			sourceTree = "<group>";
		};
/* End PBXGroup section */

/* Begin PBXNativeTarget section */
		16896EC7E54E6AF3639F6E55 /* PromptGlassTests */ = {
			isa = PBXNativeTarget;
			buildConfigurationList = 8007923F9BD697A6642105A6 /* Build configuration list for PBXNativeTarget "PromptGlassTests" */;
			buildPhases = (
				8AF967636BF7B40AEF8E2D95 /* Sources */,
			);
			buildRules = (
			);
			dependencies = (
				7791B34E3AF99843D49D7421 /* PBXTargetDependency */,
			);
			name = PromptGlassTests;
			packageProductDependencies = (
			);
			productName = PromptGlassTests;
			productReference = 08A9D40DD3A3BFB3CD10E19C /* PromptGlassTests.xctest */;
			productType = "com.apple.product-type.bundle.unit-test";
		};
		874C701078AD057BEC5019B7 /* PromptGlass */ = {
			isa = PBXNativeTarget;
			buildConfigurationList = DA99F31DE0E5111DDD4DCB2D /* Build configuration list for PBXNativeTarget "PromptGlass" */;
			buildPhases = (
				BC39CA19A65329AC9FAEC328 /* Sources */,
				5218F1F8BB9249F21465374E /* Resources */,
			);
			buildRules = (
			);
			dependencies = (
			);
			name = PromptGlass;
			packageProductDependencies = (
			);
			productName = PromptGlass;
			productReference = E48854488B4E31D7EC138AEB /* PromptGlass.app */;
			productType = "com.apple.product-type.application";
		};
/* End PBXNativeTarget section */

/* Begin PBXProject section */
		94FC9E73F4A73146AE238F34 /* Project object */ = {
			isa = PBXProject;
			attributes = {
				BuildIndependentTargetsInParallel = YES;
				LastUpgradeCheck = 1600;
				TargetAttributes = {
					16896EC7E54E6AF3639F6E55 = {
						DevelopmentTeam = "";
					};
					874C701078AD057BEC5019B7 = {
						DevelopmentTeam = "";
					};
				};
			};
			buildConfigurationList = C10CE0D249E9615D6D3E0F20 /* Build configuration list for PBXProject "PromptGlass" */;
			developmentRegion = en;
			hasScannedForEncodings = 0;
			knownRegions = (
				Base,
				en,
			);
			mainGroup = 4EABAB59296C63FEE3B500AF;
			minimizedProjectReferenceProxies = 1;
			preferredProjectObjectVersion = 77;
			productRefGroup = 8C9710254C1F5A28C992B0FB /* Products */;
			projectDirPath = "";
			projectRoot = "";
			targets = (
				874C701078AD057BEC5019B7 /* PromptGlass */,
				16896EC7E54E6AF3639F6E55 /* PromptGlassTests */,
			);
		};
/* End PBXProject section */

/* Begin PBXResourcesBuildPhase section */
		5218F1F8BB9249F21465374E /* Resources */ = {
			isa = PBXResourcesBuildPhase;
			buildActionMask = 2147483647;
			files = (
				4F59FC85BAB2CD95286C6C78 /* AppIcon.icns in Resources */,
				BBE5BCF6A317FC57E6A52591 /* Assets.xcassets in Resources */,
			);
			runOnlyForDeploymentPostprocessing = 0;
		};
/* End PBXResourcesBuildPhase section */

/* Begin PBXSourcesBuildPhase section */
		8AF967636BF7B40AEF8E2D95 /* Sources */ = {
			isa = PBXSourcesBuildPhase;
			buildActionMask = 2147483647;
			files = (
				F8C58FC92FB2FC1855CBAA45 /* FuzzyMatchTests.swift in Sources */,
				EE4A53FA8B627C1FE0798902 /* PromptGlassTests.swift in Sources */,
				AB9EC4325AABE35D3FC947C4 /* ScriptParserTests.swift in Sources */,
				7DCDF63A5B6FD1C8169E94FE /* ScrollCoordinatorTests.swift in Sources */,
				CE7DB3E529ACA8136549EC1D /* SpeechAlignmentEngineTests.swift in Sources */,
				E28606B66FCE8AB188E565BC /* TextNormalizationTests.swift in Sources */,
				A849FA538908FC0FDAD2F602 /* TimeFormattingTests.swift in Sources */,
			);
			runOnlyForDeploymentPostprocessing = 0;
		};
		BC39CA19A65329AC9FAEC328 /* Sources */ = {
			isa = PBXSourcesBuildPhase;
			buildActionMask = 2147483647;
			files = (
				C1E0D99C972D4EDB8A990BBB /* AIDebugView.swift in Sources */,
				AD71097CC3CC1423B728AB91 /* AIPromptSheet.swift in Sources */,
				E52DC62E657E85369F0A4717 /* AISettings.swift in Sources */,
				050651F97B49A7078B15702A /* AISettingsView.swift in Sources */,
				306152408DB8F1D0E53AC408 /* AIViewModel.swift in Sources */,
				2BCABF9EC210C61B0911E354 /* AppCommands.swift in Sources */,
				03EF9B30ED10EC70174BECD9 /* AudioCaptureService.swift in Sources */,
				B85D3999D8B7111A3F1E63E8 /* AudioMeterProcessor.swift in Sources */,
				DBCBB082D050376E861BA846 /* AudioMeterView.swift in Sources */,
				056B08729092A89274A15431 /* AudioRecordingService.swift in Sources */,
				8A487DF03D37C346482F23AD /* ContentView.swift in Sources */,
				2424FD1152DEFD5C686BF35A /* FuzzyMatch.swift in Sources */,
				8A725CD0081A2487F44DE869 /* KeychainService.swift in Sources */,
				02FF34FCE35728AC2FB7A63F /* MainEditorView.swift in Sources */,
				7F61D81F03B732B55CB85875 /* OpenAIService.swift in Sources */,
				4EFDD16093948ED67EFC610B /* PermissionService.swift in Sources */,
				A188218528648A29E3F88395 /* PersistenceService.swift in Sources */,
				8AEBDCF44444FCB584601297 /* PromptGlassApp.swift in Sources */,
				278A8F72684DA9971A092548 /* PromptSession.swift in Sources */,
				DDB12FA453BE47156CD00888 /* ScriptDocument.swift in Sources */,
				599AE9E24D5E5EAB0FE07AE0 /* ScriptEditorView.swift in Sources */,
				7BDB472C0408C59752812628 /* ScriptEditorViewModel.swift in Sources */,
				F8FEF8709C1F6F7A5D6C8AD6 /* ScriptParser.swift in Sources */,
				3AF761A002D3EE3921CB6EF8 /* ScriptToken.swift in Sources */,
				230C3F2BD5DC0C2F616D6586 /* ScrollCoordinator.swift in Sources */,
				C02B095768BCD2A9013DEAB9 /* SessionControlsView.swift in Sources */,
				C3C626129BFDFE7B61CFEA45 /* SessionSettings.swift in Sources */,
				14F182C0006316960ADC3140 /* SessionViewModel.swift in Sources */,
				356F9A36D586D0B420A71DE2 /* SpeechAlignmentEngine.swift in Sources */,
				B987542D5854EE3576E983B6 /* SpeechRecognitionService.swift in Sources */,
				57284FC31A789FAF4AF72FC1 /* SpeechRecognizing.swift in Sources */,
				7E3D31C4D5DA5370414EC534 /* SpellCheckTextEditor.swift in Sources */,
				ACFB21A6E643FB6909F38AD9 /* TeleprompterTextView.swift in Sources */,
				2A4E8586C1CB898CAD380CDB /* TeleprompterView.swift in Sources */,
				DBFF334935769462FEFA3DD1 /* TeleprompterViewModel.swift in Sources */,
				F4A85AFCED0ADDA9E5624101 /* TextNormalization.swift in Sources */,
				FCD5B8D9F1E75FC331994F5D /* TimeFormatting.swift in Sources */,
				650780190222AA3081CBBF79 /* TimerView.swift in Sources */,
			);
			runOnlyForDeploymentPostprocessing = 0;
		};
/* End PBXSourcesBuildPhase section */

/* Begin PBXTargetDependency section */
		7791B34E3AF99843D49D7421 /* PBXTargetDependency */ = {
			isa = PBXTargetDependency;
			target = 874C701078AD057BEC5019B7 /* PromptGlass */;
			targetProxy = AC4FE34DA6317F4B3DEBD603 /* PBXContainerItemProxy */;
		};
/* End PBXTargetDependency section */

/* Begin XCBuildConfiguration section */
		18C036944948D4239C3EAC2D /* Release */ = {
			isa = XCBuildConfiguration;
			buildSettings = {
				ASSETCATALOG_COMPILER_APPICON_NAME = AppIcon;
				CODE_SIGN_ENTITLEMENTS = PromptGlass/PromptGlass.entitlements;
				COMBINE_HIDPI_IMAGES = YES;
				INFOPLIST_FILE = PromptGlass/Info.plist;
				LD_RUNPATH_SEARCH_PATHS = (
					"$(inherited)",
					"@executable_path/../Frameworks",
				);
				MACOSX_DEPLOYMENT_TARGET = 14.0;
				PRODUCT_NAME = PromptGlass;
				SDKROOT = macosx;
			};
			name = Release;
		};
		4A994265BB9C121049E9C0CA /* Release */ = {
			isa = XCBuildConfiguration;
			buildSettings = {
				ALWAYS_SEARCH_USER_PATHS = NO;
				CLANG_ANALYZER_NONNULL = YES;
				CLANG_ANALYZER_NUMBER_OBJECT_CONVERSION = YES_AGGRESSIVE;
				CLANG_CXX_LANGUAGE_STANDARD = "gnu++14";
				CLANG_CXX_LIBRARY = "libc++";
				CLANG_ENABLE_MODULES = YES;
				CLANG_ENABLE_OBJC_ARC = YES;
				CLANG_ENABLE_OBJC_WEAK = YES;
				CLANG_WARN_BLOCK_CAPTURE_AUTORELEASING = YES;
				CLANG_WARN_BOOL_CONVERSION = YES;
				CLANG_WARN_COMMA = YES;
				CLANG_WARN_CONSTANT_CONVERSION = YES;
				CLANG_WARN_DEPRECATED_OBJC_IMPLEMENTATIONS = YES;
				CLANG_WARN_DIRECT_OBJC_ISA_USAGE = YES_ERROR;
				CLANG_WARN_DOCUMENTATION_COMMENTS = YES;
				CLANG_WARN_EMPTY_BODY = YES;
				CLANG_WARN_ENUM_CONVERSION = YES;
				CLANG_WARN_INFINITE_RECURSION = YES;
				CLANG_WARN_INT_CONVERSION = YES;
				CLANG_WARN_NON_LITERAL_NULL_CONVERSION = YES;
				CLANG_WARN_OBJC_IMPLICIT_RETAIN_SELF = YES;
				CLANG_WARN_OBJC_LITERAL_CONVERSION = YES;
				CLANG_WARN_OBJC_ROOT_CLASS = YES_ERROR;
				CLANG_WARN_QUOTED_INCLUDE_IN_FRAMEWORK_HEADER = YES;
				CLANG_WARN_RANGE_LOOP_ANALYSIS = YES;
				CLANG_WARN_STRICT_PROTOTYPES = YES;
				CLANG_WARN_SUSPICIOUS_MOVE = YES;
				CLANG_WARN_UNGUARDED_AVAILABILITY = YES_AGGRESSIVE;
				CLANG_WARN_UNREACHABLE_CODE = YES;
				CLANG_WARN__DUPLICATE_METHOD_MATCH = YES;
				COPY_PHASE_STRIP = NO;
				DEBUG_INFORMATION_FORMAT = "dwarf-with-dsym";
				DEVELOPMENT_TEAM = "";
				ENABLE_NS_ASSERTIONS = NO;
				ENABLE_STRICT_OBJC_MSGSEND = YES;
				GCC_C_LANGUAGE_STANDARD = gnu11;
				GCC_NO_COMMON_BLOCKS = YES;
				GCC_WARN_64_TO_32_BIT_CONVERSION = YES;
				GCC_WARN_ABOUT_RETURN_TYPE = YES_ERROR;
				GCC_WARN_UNDECLARED_SELECTOR = YES;
				GCC_WARN_UNINITIALIZED_AUTOS = YES_AGGRESSIVE;
				GCC_WARN_UNUSED_FUNCTION = YES;
				GCC_WARN_UNUSED_VARIABLE = YES;
				MACOSX_DEPLOYMENT_TARGET = 14.0;
				MTL_ENABLE_DEBUG_INFO = NO;
				MTL_FAST_MATH = YES;
				PRODUCT_BUNDLE_IDENTIFIER = com.promptglass.PromptGlass;
				PRODUCT_NAME = "$(TARGET_NAME)";
				SDKROOT = macosx;
				SWIFT_COMPILATION_MODE = wholemodule;
				SWIFT_OPTIMIZATION_LEVEL = "-O";
				SWIFT_VERSION = 5.10;
			};
			name = Release;
		};
		5095DBAF315FC4E7550160E9 /* Release */ = {
			isa = XCBuildConfiguration;
			buildSettings = {
				BUNDLE_LOADER = "$(TEST_HOST)";
				COMBINE_HIDPI_IMAGES = YES;
				GENERATE_INFOPLIST_FILE = YES;
				LD_RUNPATH_SEARCH_PATHS = (
					"$(inherited)",
					"@executable_path/../Frameworks",
					"@loader_path/../Frameworks",
				);
				MACOSX_DEPLOYMENT_TARGET = 14.0;
				PRODUCT_BUNDLE_IDENTIFIER = com.promptglass.PromptGlassTests;
				SDKROOT = macosx;
				TEST_HOST = "$(BUILT_PRODUCTS_DIR)/PromptGlass.app/Contents/MacOS/PromptGlass";
			};
			name = Release;
		};
		8C1EAF6A14B8090B3FE84310 /* Debug */ = {
			isa = XCBuildConfiguration;
			buildSettings = {
				ALWAYS_SEARCH_USER_PATHS = NO;
				CLANG_ANALYZER_NONNULL = YES;
				CLANG_ANALYZER_NUMBER_OBJECT_CONVERSION = YES_AGGRESSIVE;
				CLANG_CXX_LANGUAGE_STANDARD = "gnu++14";
				CLANG_CXX_LIBRARY = "libc++";
				CLANG_ENABLE_MODULES = YES;
				CLANG_ENABLE_OBJC_ARC = YES;
				CLANG_ENABLE_OBJC_WEAK = YES;
				CLANG_WARN_BLOCK_CAPTURE_AUTORELEASING = YES;
				CLANG_WARN_BOOL_CONVERSION = YES;
				CLANG_WARN_COMMA = YES;
				CLANG_WARN_CONSTANT_CONVERSION = YES;
				CLANG_WARN_DEPRECATED_OBJC_IMPLEMENTATIONS = YES;
				CLANG_WARN_DIRECT_OBJC_ISA_USAGE = YES_ERROR;
				CLANG_WARN_DOCUMENTATION_COMMENTS = YES;
				CLANG_WARN_EMPTY_BODY = YES;
				CLANG_WARN_ENUM_CONVERSION = YES;
				CLANG_WARN_INFINITE_RECURSION = YES;
				CLANG_WARN_INT_CONVERSION = YES;
				CLANG_WARN_NON_LITERAL_NULL_CONVERSION = YES;
				CLANG_WARN_OBJC_IMPLICIT_RETAIN_SELF = YES;
				CLANG_WARN_OBJC_LITERAL_CONVERSION = YES;
				CLANG_WARN_OBJC_ROOT_CLASS = YES_ERROR;
				CLANG_WARN_QUOTED_INCLUDE_IN_FRAMEWORK_HEADER = YES;
				CLANG_WARN_RANGE_LOOP_ANALYSIS = YES;
				CLANG_WARN_STRICT_PROTOTYPES = YES;
				CLANG_WARN_SUSPICIOUS_MOVE = YES;
				CLANG_WARN_UNGUARDED_AVAILABILITY = YES_AGGRESSIVE;
				CLANG_WARN_UNREACHABLE_CODE = YES;
				CLANG_WARN__DUPLICATE_METHOD_MATCH = YES;
				COPY_PHASE_STRIP = NO;
				DEBUG_INFORMATION_FORMAT = dwarf;
				DEVELOPMENT_TEAM = "";
				ENABLE_STRICT_OBJC_MSGSEND = YES;
				ENABLE_TESTABILITY = YES;
				GCC_C_LANGUAGE_STANDARD = gnu11;
				GCC_DYNAMIC_NO_PIC = NO;
				GCC_NO_COMMON_BLOCKS = YES;
				GCC_OPTIMIZATION_LEVEL = 0;
				GCC_PREPROCESSOR_DEFINITIONS = (
					"$(inherited)",
					"DEBUG=1",
				);
				GCC_WARN_64_TO_32_BIT_CONVERSION = YES;
				GCC_WARN_ABOUT_RETURN_TYPE = YES_ERROR;
				GCC_WARN_UNDECLARED_SELECTOR = YES;
				GCC_WARN_UNINITIALIZED_AUTOS = YES_AGGRESSIVE;
				GCC_WARN_UNUSED_FUNCTION = YES;
				GCC_WARN_UNUSED_VARIABLE = YES;
				MACOSX_DEPLOYMENT_TARGET = 14.0;
				MTL_ENABLE_DEBUG_INFO = INCLUDE_SOURCE;
				MTL_FAST_MATH = YES;
				ONLY_ACTIVE_ARCH = YES;
				PRODUCT_BUNDLE_IDENTIFIER = com.promptglass.PromptGlass;
				PRODUCT_NAME = "$(TARGET_NAME)";
				SDKROOT = macosx;
				SWIFT_ACTIVE_COMPILATION_CONDITIONS = DEBUG;
				SWIFT_OPTIMIZATION_LEVEL = "-Onone";
				SWIFT_VERSION = 5.10;
			};
			name = Debug;
		};
		F3E452FCB3DA06EBDCBAA365 /* Debug */ = {
			isa = XCBuildConfiguration;
			buildSettings = {
				BUNDLE_LOADER = "$(TEST_HOST)";
				COMBINE_HIDPI_IMAGES = YES;
				GENERATE_INFOPLIST_FILE = YES;
				LD_RUNPATH_SEARCH_PATHS = (
					"$(inherited)",
					"@executable_path/../Frameworks",
					"@loader_path/../Frameworks",
				);
				MACOSX_DEPLOYMENT_TARGET = 14.0;
				PRODUCT_BUNDLE_IDENTIFIER = com.promptglass.PromptGlassTests;
				SDKROOT = macosx;
				TEST_HOST = "$(BUILT_PRODUCTS_DIR)/PromptGlass.app/Contents/MacOS/PromptGlass";
			};
			name = Debug;
		};
		F550B9C2AFBE75BD33CE6647 /* Debug */ = {
			isa = XCBuildConfiguration;
			buildSettings = {
				ASSETCATALOG_COMPILER_APPICON_NAME = AppIcon;
				CODE_SIGN_ENTITLEMENTS = PromptGlass/PromptGlass.entitlements;
				COMBINE_HIDPI_IMAGES = YES;
				INFOPLIST_FILE = PromptGlass/Info.plist;
				LD_RUNPATH_SEARCH_PATHS = (
					"$(inherited)",
					"@executable_path/../Frameworks",
				);
				MACOSX_DEPLOYMENT_TARGET = 14.0;
				PRODUCT_NAME = PromptGlass;
				SDKROOT = macosx;
			};
			name = Debug;
		};
/* End XCBuildConfiguration section */

/* Begin XCConfigurationList section */
		8007923F9BD697A6642105A6 /* Build configuration list for PBXNativeTarget "PromptGlassTests" */ = {
			isa = XCConfigurationList;
			buildConfigurations = (
				F3E452FCB3DA06EBDCBAA365 /* Debug */,
				5095DBAF315FC4E7550160E9 /* Release */,
			);
			defaultConfigurationIsVisible = 0;
			defaultConfigurationName = Debug;
		};
		C10CE0D249E9615D6D3E0F20 /* Build configuration list for PBXProject "PromptGlass" */ = {
			isa = XCConfigurationList;
			buildConfigurations = (
				8C1EAF6A14B8090B3FE84310 /* Debug */,
				4A994265BB9C121049E9C0CA /* Release */,
			);
			defaultConfigurationIsVisible = 0;
			defaultConfigurationName = Debug;
		};
		DA99F31DE0E5111DDD4DCB2D /* Build configuration list for PBXNativeTarget "PromptGlass" */ = {
			isa = XCConfigurationList;
			buildConfigurations = (
				F550B9C2AFBE75BD33CE6647 /* Debug */,
				18C036944948D4239C3EAC2D /* Release */,
			);
			defaultConfigurationIsVisible = 0;
			defaultConfigurationName = Debug;
		};
/* End XCConfigurationList section */
	};
	rootObject = 94FC9E73F4A73146AE238F34 /* Project object */;
}
